
Microsoft Visual Studio Solution File, Format Version 12.00
# Visual Studio Version 16
VisualStudioVersion = 16.0.29215.179
MinimumVisualStudioVersion = 10.0.40219.1
Project("{FAE04EC0-301F-11D3-BF4B-00C04F79EFBC}") = "TCP_Client", "WindowsFormsApp1\TCP_Client.csproj", "{11556FF4-CC5D-48E1-8038-CC1A15489837}"
EndProject
Global
	GlobalSection(SolutionConfigurationPlatforms) = preSolution
		Debug|Any CPU = Debug|Any CPU
		Release|Any CPU = Release|Any CPU
	EndGlobalSection
	GlobalSection(ProjectConfigurationPlatforms) = postSolution
		{11556FF4-CC5D-48E1-8038-CC1A15489837}.Debug|Any CPU.ActiveCfg = Debug|Any CPU
		{11556FF4-CC5D-48E1-8038-CC1A15489837}.Debug|Any CPU.Build.0 = Debug|Any CPU
		{11556FF4-CC5D-48E1-8038-CC1A15489837}.Release|Any CPU.ActiveCfg = Release|Any CPU
		{11556FF4-CC5D-48E1-8038-CC1A15489837}.Release|Any CPU.Build.0 = Release|Any CPU
	EndGlobalSection
	GlobalSection(SolutionProperties) = preSolution
		HideSolutionNode = FALSE
	EndGlobalSection
	GlobalSection(ExtensibilityGlobals) = postSolution
		SolutionGuid = {98C4F543-87F0-47C5-9E8F-D6DA1898C9F6}
	EndGlobalSection
EndGlobal
